PODS:
  - Arcane (0.3.0)
  - sqlite3 (3.13.0):
    - sqlite3/common (= 3.13.0)
  - sqlite3/common (3.13.0)

DEPENDENCIES:
  - Arcane (from `https://github.com/onmyway133/Arcane`)
  - sqlite3

EXTERNAL SOURCES:
  Arcane:
    :git: https://github.com/onmyway133/Arcane

CHECKOUT OPTIONS:
  Arcane:
    :commit: 95a54a019a39f6da3528d13746b0e5ad51e9c8a7
    :git: https://github.com/onmyway133/Arcane

SPEC CHECKSUMS:
  Arcane: 3f6203426ba2195f8ac9eb4c9508493f3a903ae6
  sqlite3: c8b1b937fe823ab46411e471cdc1aa92d1b106ce

PODFILE CHECKSUM: b11579e82c382a2bc07c79946eb504d588088a27

COCOAPODS: 1.1.0.beta.1
