PODS:
  - Arcane (0.3.0)
  - sqlite3 (3.16.2):
    - sqlite3/common (= 3.16.2)
  - sqlite3/common (3.16.2)

DEPENDENCIES:
  - Arcane (~> 0.3)
  - sqlite3 (~> 3)

SPEC CHECKSUMS:
  Arcane: 3f6203426ba2195f8ac9eb4c9508493f3a903ae6
  sqlite3: 9357a4911ebdaed4ad3f384181bf5ca5722ce5fc

PODFILE CHECKSUM: c14ef884a76256d82fa812bd971b1099b7dc85d6

COCOAPODS: 1.2.0.beta.1
